
Microsoft Visual Studio Solution File, Format Version 12.00
# Visual Studio Version 17
VisualStudioVersion = 17.5.33530.505
MinimumVisualStudioVersion = 10.0.40219.1
Project("{FAE04EC0-301F-11D3-BF4B-00C04F79EFBC}") = "WordFinderApp", "ConsoleApp\WordFinderApp.csproj", "{478B1675-8769-493D-8176-46206D2EA96E}"
EndProject
Global
	GlobalSection(SolutionConfigurationPlatforms) = preSolution
		Debug|Any CPU = Debug|Any CPU
		Release|Any CPU = Release|Any CPU
	EndGlobalSection
	GlobalSection(ProjectConfigurationPlatforms) = postSolution
		{478B1675-8769-493D-8176-46206D2EA96E}.Debug|Any CPU.ActiveCfg = Debug|Any CPU
		{478B1675-8769-493D-8176-46206D2EA96E}.Debug|Any CPU.Build.0 = Debug|Any CPU
		{478B1675-8769-493D-8176-46206D2EA96E}.Release|Any CPU.ActiveCfg = Release|Any CPU
		{478B1675-8769-493D-8176-46206D2EA96E}.Release|Any CPU.Build.0 = Release|Any CPU
	EndGlobalSection
	GlobalSection(SolutionProperties) = preSolution
		HideSolutionNode = FALSE
	EndGlobalSection
	GlobalSection(ExtensibilityGlobals) = postSolution
		SolutionGuid = {3F7300A5-8969-41D0-8EBE-017D4B5489FA}
	EndGlobalSection
EndGlobal
